// !$*UTF8*$!
{
	archiveVersion = 1;
	classes = {
	};
	objectVersion = 46;
	objects = {

/* Begin PBXBuildFile section */
		F45A7B261E82784E00E699A3 /* SPKDetailViewController.m in Sources */ = {isa = PBXBuildFile; fileRef = F45A7B251E82784E00E699A3 /* SPKDetailViewController.m */; };
		F490154D1E8A62F0001E097C /* SPKPackets+CoreDataClass.m in Sources */ = {isa = PBXBuildFile; fileRef = F49015481E8A62F0001E097C /* SPKPackets+CoreDataClass.m */; };
		F490154E1E8A62F0001E097C /* SPKPackets+CoreDataProperties.m in Sources */ = {isa = PBXBuildFile; fileRef = F490154A1E8A62F0001E097C /* SPKPackets+CoreDataProperties.m */; };
		F49015B31E8BC7FE001E097C /* SPKDay+CoreDataClass.m in Sources */ = {isa = PBXBuildFile; fileRef = F49015AC1E8BC7FE001E097C /* SPKDay+CoreDataClass.m */; };
		F49015B41E8BC7FE001E097C /* SPKDay+CoreDataProperties.m in Sources */ = {isa = PBXBuildFile; fileRef = F49015AE1E8BC7FE001E097C /* SPKDay+CoreDataProperties.m */; };
		F49015BF1E8C9755001E097C /* SPKHour+CoreDataClass.m in Sources */ = {isa = PBXBuildFile; fileRef = F49015BB1E8C9755001E097C /* SPKHour+CoreDataClass.m */; };
		F49015C01E8C9755001E097C /* SPKHour+CoreDataProperties.m in Sources */ = {isa = PBXBuildFile; fileRef = F49015BD1E8C9755001E097C /* SPKHour+CoreDataProperties.m */; };
		F49954AC1E80D3A1001F0B2C /* main.m in Sources */ = {isa = PBXBuildFile; fileRef = F49954AB1E80D3A1001F0B2C /* main.m */; };
		F49954AF1E80D3A1001F0B2C /* AppDelegate.m in Sources */ = {isa = PBXBuildFile; fileRef = F49954AE1E80D3A1001F0B2C /* AppDelegate.m */; };
		F49954B21E80D3A1001F0B2C /* ViewController.m in Sources */ = {isa = PBXBuildFile; fileRef = F49954B11E80D3A1001F0B2C /* ViewController.m */; };
		F49954B51E80D3A1001F0B2C /* Main.storyboard in Resources */ = {isa = PBXBuildFile; fileRef = F49954B31E80D3A1001F0B2C /* Main.storyboard */; };
		F49954B71E80D3A1001F0B2C /* Assets.xcassets in Resources */ = {isa = PBXBuildFile; fileRef = F49954B61E80D3A1001F0B2C /* Assets.xcassets */; };
		F49954BA1E80D3A1001F0B2C /* LaunchScreen.storyboard in Resources */ = {isa = PBXBuildFile; fileRef = F49954B81E80D3A1001F0B2C /* LaunchScreen.storyboard */; };
		F49954C41E80D498001F0B2C /* SPKMoveBandStore.m in Sources */ = {isa = PBXBuildFile; fileRef = F49954C31E80D498001F0B2C /* SPKMoveBandStore.m */; };
		F49954CA1E8116F1001F0B2C /* MoveBand.xcdatamodeld in Sources */ = {isa = PBXBuildFile; fileRef = F49954C81E8116F1001F0B2C /* MoveBand.xcdatamodeld */; };
		F49954DB1E812079001F0B2C /* SPKUser+CoreDataClass.m in Sources */ = {isa = PBXBuildFile; fileRef = F49954D81E812079001F0B2C /* SPKUser+CoreDataClass.m */; };
		F49954DC1E812079001F0B2C /* SPKUser+CoreDataProperties.m in Sources */ = {isa = PBXBuildFile; fileRef = F49954DA1E812079001F0B2C /* SPKUser+CoreDataProperties.m */; };
		F49954E21E812D61001F0B2C /* SPKManager.m in Sources */ = {isa = PBXBuildFile; fileRef = F49954E11E812D61001F0B2C /* SPKManager.m */; };
/* End PBXBuildFile section */

/* Begin PBXFileReference section */
		F41EEAD61E83E68B0006ADA0 /* MoveBand 4.xcdatamodel */ = {isa = PBXFileReference; lastKnownFileType = wrapper.xcdatamodel; path = "MoveBand 4.xcdatamodel"; sourceTree = "<group>"; };
		F41EEADA1E83F2750006ADA0 /* MoveBand 5.xcdatamodel */ = {isa = PBXFileReference; lastKnownFileType = wrapper.xcdatamodel; path = "MoveBand 5.xcdatamodel"; sourceTree = "<group>"; };
		F45A7AF01E825C0100E699A3 /* MoveBand 2.xcdatamodel */ = {isa = PBXFileReference; lastKnownFileType = wrapper.xcdatamodel; path = "MoveBand 2.xcdatamodel"; sourceTree = "<group>"; };
		F45A7AF61E825FE000E699A3 /* MoveBand 3.xcdatamodel */ = {isa = PBXFileReference; lastKnownFileType = wrapper.xcdatamodel; path = "MoveBand 3.xcdatamodel"; sourceTree = "<group>"; };
		F45A7B241E82784E00E699A3 /* SPKDetailViewController.h */ = {isa = PBXFileReference; fileEncoding = 4; lastKnownFileType = sourcecode.c.h; path = SPKDetailViewController.h; sourceTree = "<group>"; };
		F45A7B251E82784E00E699A3 /* SPKDetailViewController.m */ = {isa = PBXFileReference; fileEncoding = 4; lastKnownFileType = sourcecode.c.objc; path = SPKDetailViewController.m; sourceTree = "<group>"; };
		F490153D1E8A6101001E097C /* MoveBand 6.xcdatamodel */ = {isa = PBXFileReference; lastKnownFileType = wrapper.xcdatamodel; path = "MoveBand 6.xcdatamodel"; sourceTree = "<group>"; };
		F49015471E8A62F0001E097C /* SPKPackets+CoreDataClass.h */ = {isa = PBXFileReference; fileEncoding = 4; lastKnownFileType = sourcecode.c.h; name = "SPKPackets+CoreDataClass.h"; path = "../SPKPackets+CoreDataClass.h"; sourceTree = "<group>"; };
		F49015481E8A62F0001E097C /* SPKPackets+CoreDataClass.m */ = {isa = PBXFileReference; fileEncoding = 4; lastKnownFileType = sourcecode.c.objc; name = "SPKPackets+CoreDataClass.m"; path = "../SPKPackets+CoreDataClass.m"; sourceTree = "<group>"; };
		F49015491E8A62F0001E097C /* SPKPackets+CoreDataProperties.h */ = {isa = PBXFileReference; fileEncoding = 4; lastKnownFileType = sourcecode.c.h; name = "SPKPackets+CoreDataProperties.h"; path = "../SPKPackets+CoreDataProperties.h"; sourceTree = "<group>"; };
		F490154A1E8A62F0001E097C /* SPKPackets+CoreDataProperties.m */ = {isa = PBXFileReference; fileEncoding = 4; lastKnownFileType = sourcecode.c.objc; name = "SPKPackets+CoreDataProperties.m"; path = "../SPKPackets+CoreDataProperties.m"; sourceTree = "<group>"; };
		F49015631E8BAABA001E097C /* MoveBand 7.xcdatamodel */ = {isa = PBXFileReference; lastKnownFileType = wrapper.xcdatamodel; path = "MoveBand 7.xcdatamodel"; sourceTree = "<group>"; };
		F49015711E8BB2A0001E097C /* MoveBand 8.xcdatamodel */ = {isa = PBXFileReference; lastKnownFileType = wrapper.xcdatamodel; path = "MoveBand 8.xcdatamodel"; sourceTree = "<group>"; };
		F49015AA1E8BC702001E097C /* MoveBand 9.xcdatamodel */ = {isa = PBXFileReference; lastKnownFileType = wrapper.xcdatamodel; path = "MoveBand 9.xcdatamodel"; sourceTree = "<group>"; };
		F49015AB1E8BC7FE001E097C /* SPKDay+CoreDataClass.h */ = {isa = PBXFileReference; fileEncoding = 4; lastKnownFileType = sourcecode.c.h; name = "SPKDay+CoreDataClass.h"; path = "../SPKDay+CoreDataClass.h"; sourceTree = "<group>"; };
		F49015AC1E8BC7FE001E097C /* SPKDay+CoreDataClass.m */ = {isa = PBXFileReference; fileEncoding = 4; lastKnownFileType = sourcecode.c.objc; name = "SPKDay+CoreDataClass.m"; path = "../SPKDay+CoreDataClass.m"; sourceTree = "<group>"; };
		F49015AD1E8BC7FE001E097C /* SPKDay+CoreDataProperties.h */ = {isa = PBXFileReference; fileEncoding = 4; lastKnownFileType = sourcecode.c.h; name = "SPKDay+CoreDataProperties.h"; path = "../SPKDay+CoreDataProperties.h"; sourceTree = "<group>"; };
		F49015AE1E8BC7FE001E097C /* SPKDay+CoreDataProperties.m */ = {isa = PBXFileReference; fileEncoding = 4; lastKnownFileType = sourcecode.c.objc; name = "SPKDay+CoreDataProperties.m"; path = "../SPKDay+CoreDataProperties.m"; sourceTree = "<group>"; };
		F49015B71E8C9182001E097C /* MoveBand 10.xcdatamodel */ = {isa = PBXFileReference; lastKnownFileType = wrapper.xcdatamodel; path = "MoveBand 10.xcdatamodel"; sourceTree = "<group>"; };
		F49015BA1E8C9755001E097C /* SPKHour+CoreDataClass.h */ = {isa = PBXFileReference; fileEncoding = 4; lastKnownFileType = sourcecode.c.h; name = "SPKHour+CoreDataClass.h"; path = "../SPKHour+CoreDataClass.h"; sourceTree = "<group>"; };
		F49015BB1E8C9755001E097C /* SPKHour+CoreDataClass.m */ = {isa = PBXFileReference; fileEncoding = 4; lastKnownFileType = sourcecode.c.objc; name = "SPKHour+CoreDataClass.m"; path = "../SPKHour+CoreDataClass.m"; sourceTree = "<group>"; };
		F49015BC1E8C9755001E097C /* SPKHour+CoreDataProperties.h */ = {isa = PBXFileReference; fileEncoding = 4; lastKnownFileType = sourcecode.c.h; name = "SPKHour+CoreDataProperties.h"; path = "../SPKHour+CoreDataProperties.h"; sourceTree = "<group>"; };
		F49015BD1E8C9755001E097C /* SPKHour+CoreDataProperties.m */ = {isa = PBXFileReference; fileEncoding = 4; lastKnownFileType = sourcecode.c.objc; name = "SPKHour+CoreDataProperties.m"; path = "../SPKHour+CoreDataProperties.m"; sourceTree = "<group>"; };
		F49954A71E80D3A1001F0B2C /* MoveBandCoreData.app */ = {isa = PBXFileReference; explicitFileType = wrapper.application; includeInIndex = 0; path = MoveBandCoreData.app; sourceTree = BUILT_PRODUCTS_DIR; };
		F49954AB1E80D3A1001F0B2C /* main.m */ = {isa = PBXFileReference; lastKnownFileType = sourcecode.c.objc; path = main.m; sourceTree = "<group>"; };
		F49954AD1E80D3A1001F0B2C /* AppDelegate.h */ = {isa = PBXFileReference; lastKnownFileType = sourcecode.c.h; path = AppDelegate.h; sourceTree = "<group>"; };
		F49954AE1E80D3A1001F0B2C /* AppDelegate.m */ = {isa = PBXFileReference; lastKnownFileType = sourcecode.c.objc; path = AppDelegate.m; sourceTree = "<group>"; };
		F49954B01E80D3A1001F0B2C /* ViewController.h */ = {isa = PBXFileReference; lastKnownFileType = sourcecode.c.h; path = ViewController.h; sourceTree = "<group>"; };
		F49954B11E80D3A1001F0B2C /* ViewController.m */ = {isa = PBXFileReference; lastKnownFileType = sourcecode.c.objc; path = ViewController.m; sourceTree = "<group>"; };
		F49954B41E80D3A1001F0B2C /* Base */ = {isa = PBXFileReference; lastKnownFileType = file.storyboard; name = Base; path = Base.lproj/Main.storyboard; sourceTree = "<group>"; };
		F49954B61E80D3A1001F0B2C /* Assets.xcassets */ = {isa = PBXFileReference; lastKnownFileType = folder.assetcatalog; path = Assets.xcassets; sourceTree = "<group>"; };
		F49954B91E80D3A1001F0B2C /* Base */ = {isa = PBXFileReference; lastKnownFileType = file.storyboard; name = Base; path = Base.lproj/LaunchScreen.storyboard; sourceTree = "<group>"; };
		F49954BB1E80D3A1001F0B2C /* Info.plist */ = {isa = PBXFileReference; lastKnownFileType = text.plist.xml; path = Info.plist; sourceTree = "<group>"; };
		F49954C21E80D498001F0B2C /* SPKMoveBandStore.h */ = {isa = PBXFileReference; fileEncoding = 4; lastKnownFileType = sourcecode.c.h; path = SPKMoveBandStore.h; sourceTree = "<group>"; };
		F49954C31E80D498001F0B2C /* SPKMoveBandStore.m */ = {isa = PBXFileReference; fileEncoding = 4; lastKnownFileType = sourcecode.c.objc; path = SPKMoveBandStore.m; sourceTree = "<group>"; };
		F49954C91E8116F1001F0B2C /* MoveBand.xcdatamodel */ = {isa = PBXFileReference; lastKnownFileType = wrapper.xcdatamodel; path = MoveBand.xcdatamodel; sourceTree = "<group>"; };
		F49954D71E812079001F0B2C /* SPKUser+CoreDataClass.h */ = {isa = PBXFileReference; fileEncoding = 4; lastKnownFileType = sourcecode.c.h; name = "SPKUser+CoreDataClass.h"; path = "../SPKUser+CoreDataClass.h"; sourceTree = "<group>"; };
		F49954D81E812079001F0B2C /* SPKUser+CoreDataClass.m */ = {isa = PBXFileReference; fileEncoding = 4; lastKnownFileType = sourcecode.c.objc; name = "SPKUser+CoreDataClass.m"; path = "../SPKUser+CoreDataClass.m"; sourceTree = "<group>"; };
		F49954D91E812079001F0B2C /* SPKUser+CoreDataProperties.h */ = {isa = PBXFileReference; fileEncoding = 4; lastKnownFileType = sourcecode.c.h; name = "SPKUser+CoreDataProperties.h"; path = "../SPKUser+CoreDataProperties.h"; sourceTree = "<group>"; };
		F49954DA1E812079001F0B2C /* SPKUser+CoreDataProperties.m */ = {isa = PBXFileReference; fileEncoding = 4; lastKnownFileType = sourcecode.c.objc; name = "SPKUser+CoreDataProperties.m"; path = "../SPKUser+CoreDataProperties.m"; sourceTree = "<group>"; };
		F49954E01E812D61001F0B2C /* SPKManager.h */ = {isa = PBXFileReference; fileEncoding = 4; lastKnownFileType = sourcecode.c.h; path = SPKManager.h; sourceTree = "<group>"; };
		F49954E11E812D61001F0B2C /* SPKManager.m */ = {isa = PBXFileReference; fileEncoding = 4; lastKnownFileType = sourcecode.c.objc; path = SPKManager.m; sourceTree = "<group>"; };
		F49954E31E812F2A001F0B2C /* SPKPublic.h */ = {isa = PBXFileReference; lastKnownFileType = sourcecode.c.h; path = SPKPublic.h; sourceTree = "<group>"; };
/* End PBXFileReference section */

/* Begin PBXFrameworksBuildPhase section */
		F49954A41E80D3A1001F0B2C /* Frameworks */ = {
			isa = PBXFrameworksBuildPhase;
			buildActionMask = 2147483647;
			files = (
			);
			runOnlyForDeploymentPostprocessing = 0;
		};
/* End PBXFrameworksBuildPhase section */

/* Begin PBXGroup section */
		F45A7AFA1E8260FB00E699A3 /* Controllers */ = {
			isa = PBXGroup;
			children = (
				F49954B01E80D3A1001F0B2C /* ViewController.h */,
				F49954B11E80D3A1001F0B2C /* ViewController.m */,
				F45A7B241E82784E00E699A3 /* SPKDetailViewController.h */,
				F45A7B251E82784E00E699A3 /* SPKDetailViewController.m */,
			);
			name = Controllers;
			sourceTree = "<group>";
		};
		F499549E1E80D3A1001F0B2C = {
			isa = PBXGroup;
			children = (
				F49954A91E80D3A1001F0B2C /* MoveBandCoreData */,
				F49954A81E80D3A1001F0B2C /* Products */,
			);
			sourceTree = "<group>";
		};
		F49954A81E80D3A1001F0B2C /* Products */ = {
			isa = PBXGroup;
			children = (
				F49954A71E80D3A1001F0B2C /* MoveBandCoreData.app */,
			);
			name = Products;
			sourceTree = "<group>";
		};
		F49954A91E80D3A1001F0B2C /* MoveBandCoreData */ = {
			isa = PBXGroup;
			children = (
				F49954E01E812D61001F0B2C /* SPKManager.h */,
				F49954E11E812D61001F0B2C /* SPKManager.m */,
				F49954E31E812F2A001F0B2C /* SPKPublic.h */,
				F49954C11E80D471001F0B2C /* Model */,
				F45A7AFA1E8260FB00E699A3 /* Controllers */,
				F49954AA1E80D3A1001F0B2C /* Supporting Files */,
			);
			path = MoveBandCoreData;
			sourceTree = "<group>";
		};
		F49954AA1E80D3A1001F0B2C /* Supporting Files */ = {
			isa = PBXGroup;
			children = (
				F49954AD1E80D3A1001F0B2C /* AppDelegate.h */,
				F49954AE1E80D3A1001F0B2C /* AppDelegate.m */,
				F49954B31E80D3A1001F0B2C /* Main.storyboard */,
				F49954B61E80D3A1001F0B2C /* Assets.xcassets */,
				F49954B81E80D3A1001F0B2C /* LaunchScreen.storyboard */,
				F49954BB1E80D3A1001F0B2C /* Info.plist */,
				F49954AB1E80D3A1001F0B2C /* main.m */,
			);
			name = "Supporting Files";
			sourceTree = "<group>";
		};
		F49954C11E80D471001F0B2C /* Model */ = {
			isa = PBXGroup;
			children = (
				F49954D71E812079001F0B2C /* SPKUser+CoreDataClass.h */,
				F49954D81E812079001F0B2C /* SPKUser+CoreDataClass.m */,
				F49954D91E812079001F0B2C /* SPKUser+CoreDataProperties.h */,
				F49954DA1E812079001F0B2C /* SPKUser+CoreDataProperties.m */,
				F49015471E8A62F0001E097C /* SPKPackets+CoreDataClass.h */,
				F49015481E8A62F0001E097C /* SPKPackets+CoreDataClass.m */,
				F49015491E8A62F0001E097C /* SPKPackets+CoreDataProperties.h */,
				F490154A1E8A62F0001E097C /* SPKPackets+CoreDataProperties.m */,
				F49015AB1E8BC7FE001E097C /* SPKDay+CoreDataClass.h */,
				F49015AC1E8BC7FE001E097C /* SPKDay+CoreDataClass.m */,
				F49015AD1E8BC7FE001E097C /* SPKDay+CoreDataProperties.h */,
				F49015AE1E8BC7FE001E097C /* SPKDay+CoreDataProperties.m */,
				F49015BA1E8C9755001E097C /* SPKHour+CoreDataClass.h */,
				F49015BB1E8C9755001E097C /* SPKHour+CoreDataClass.m */,
				F49015BC1E8C9755001E097C /* SPKHour+CoreDataProperties.h */,
				F49015BD1E8C9755001E097C /* SPKHour+CoreDataProperties.m */,
				F49954C21E80D498001F0B2C /* SPKMoveBandStore.h */,
				F49954C31E80D498001F0B2C /* SPKMoveBandStore.m */,
				F49954C81E8116F1001F0B2C /* MoveBand.xcdatamodeld */,
			);
			name = Model;
			sourceTree = "<group>";
		};
/* End PBXGroup section */

/* Begin PBXNativeTarget section */
		F49954A61E80D3A1001F0B2C /* MoveBandCoreData */ = {
			isa = PBXNativeTarget;
			buildConfigurationList = F49954BE1E80D3A1001F0B2C /* Build configuration list for PBXNativeTarget "MoveBandCoreData" */;
			buildPhases = (
				F49954A31E80D3A1001F0B2C /* Sources */,
				F49954A41E80D3A1001F0B2C /* Frameworks */,
				F49954A51E80D3A1001F0B2C /* Resources */,
			);
			buildRules = (
			);
			dependencies = (
			);
			name = MoveBandCoreData;
			productName = MoveBandCoreData;
			productReference = F49954A71E80D3A1001F0B2C /* MoveBandCoreData.app */;
			productType = "com.apple.product-type.application";
		};
/* End PBXNativeTarget section */

/* Begin PBXProject section */
		F499549F1E80D3A1001F0B2C /* Project object */ = {
			isa = PBXProject;
			attributes = {
				LastUpgradeCheck = 0820;
				ORGANIZATIONNAME = "Spark Technology Inc.";
				TargetAttributes = {
					F49954A61E80D3A1001F0B2C = {
						CreatedOnToolsVersion = 8.2.1;
						DevelopmentTeam = H2VAN67H99;
						ProvisioningStyle = Automatic;
					};
				};
			};
			buildConfigurationList = F49954A21E80D3A1001F0B2C /* Build configuration list for PBXProject "MoveBandCoreData" */;
			compatibilityVersion = "Xcode 3.2";
			developmentRegion = English;
			hasScannedForEncodings = 0;
			knownRegions = (
				en,
				Base,
			);
			mainGroup = F499549E1E80D3A1001F0B2C;
			productRefGroup = F49954A81E80D3A1001F0B2C /* Products */;
			projectDirPath = "";
			projectRoot = "";
			targets = (
				F49954A61E80D3A1001F0B2C /* MoveBandCoreData */,
			);
		};
/* End PBXProject section */

/* Begin PBXResourcesBuildPhase section */
		F49954A51E80D3A1001F0B2C /* Resources */ = {
			isa = PBXResourcesBuildPhase;
			buildActionMask = 2147483647;
			files = (
				F49954BA1E80D3A1001F0B2C /* LaunchScreen.storyboard in Resources */,
				F49954B71E80D3A1001F0B2C /* Assets.xcassets in Resources */,
				F49954B51E80D3A1001F0B2C /* Main.storyboard in Resources */,
			);
			runOnlyForDeploymentPostprocessing = 0;
		};
/* End PBXResourcesBuildPhase section */

/* Begin PBXSourcesBuildPhase section */
		F49954A31E80D3A1001F0B2C /* Sources */ = {
			isa = PBXSourcesBuildPhase;
			buildActionMask = 2147483647;
			files = (
				F45A7B261E82784E00E699A3 /* SPKDetailViewController.m in Sources */,
				F49954E21E812D61001F0B2C /* SPKManager.m in Sources */,
				F49015BF1E8C9755001E097C /* SPKHour+CoreDataClass.m in Sources */,
				F49954CA1E8116F1001F0B2C /* MoveBand.xcdatamodeld in Sources */,
				F49954DB1E812079001F0B2C /* SPKUser+CoreDataClass.m in Sources */,
				F49954C41E80D498001F0B2C /* SPKMoveBandStore.m in Sources */,
				F49015B31E8BC7FE001E097C /* SPKDay+CoreDataClass.m in Sources */,
				F49954B21E80D3A1001F0B2C /* ViewController.m in Sources */,
				F49015B41E8BC7FE001E097C /* SPKDay+CoreDataProperties.m in Sources */,
				F490154D1E8A62F0001E097C /* SPKPackets+CoreDataClass.m in Sources */,
				F490154E1E8A62F0001E097C /* SPKPackets+CoreDataProperties.m in Sources */,
				F49954AF1E80D3A1001F0B2C /* AppDelegate.m in Sources */,
				F49954AC1E80D3A1001F0B2C /* main.m in Sources */,
				F49015C01E8C9755001E097C /* SPKHour+CoreDataProperties.m in Sources */,
				F49954DC1E812079001F0B2C /* SPKUser+CoreDataProperties.m in Sources */,
			);
			runOnlyForDeploymentPostprocessing = 0;
		};
/* End PBXSourcesBuildPhase section */

/* Begin PBXVariantGroup section */
		F49954B31E80D3A1001F0B2C /* Main.storyboard */ = {
			isa = PBXVariantGroup;
			children = (
				F49954B41E80D3A1001F0B2C /* Base */,
			);
			name = Main.storyboard;
			sourceTree = "<group>";
		};
		F49954B81E80D3A1001F0B2C /* LaunchScreen.storyboard */ = {
			isa = PBXVariantGroup;
			children = (
				F49954B91E80D3A1001F0B2C /* Base */,
			);
			name = LaunchScreen.storyboard;
			sourceTree = "<group>";
		};
/* End PBXVariantGroup section */

/* Begin XCBuildConfiguration section */
		F49954BC1E80D3A1001F0B2C /* Debug */ = {
			isa = XCBuildConfiguration;
			buildSettings = {
				ALWAYS_SEARCH_USER_PATHS = NO;
				CLANG_ANALYZER_NONNULL = YES;
				CLANG_CXX_LANGUAGE_STANDARD = "gnu++0x";
				CLANG_CXX_LIBRARY = "libc++";
				CLANG_ENABLE_MODULES = YES;
				CLANG_ENABLE_OBJC_ARC = YES;
				CLANG_WARN_BOOL_CONVERSION = YES;
				CLANG_WARN_CONSTANT_CONVERSION = YES;
				CLANG_WARN_DIRECT_OBJC_ISA_USAGE = YES_ERROR;
				CLANG_WARN_DOCUMENTATION_COMMENTS = YES;
				CLANG_WARN_EMPTY_BODY = YES;
				CLANG_WARN_ENUM_CONVERSION = YES;
				CLANG_WARN_INFINITE_RECURSION = YES;
				CLANG_WARN_INT_CONVERSION = YES;
				CLANG_WARN_OBJC_ROOT_CLASS = YES_ERROR;
				CLANG_WARN_SUSPICIOUS_MOVE = YES;
				CLANG_WARN_UNREACHABLE_CODE = YES;
				CLANG_WARN__DUPLICATE_METHOD_MATCH = YES;
				"CODE_SIGN_IDENTITY[sdk=iphoneos*]" = "iPhone Developer";
				COPY_PHASE_STRIP = NO;
				DEBUG_INFORMATION_FORMAT = dwarf;
				ENABLE_STRICT_OBJC_MSGSEND = YES;
				ENABLE_TESTABILITY = YES;
				GCC_C_LANGUAGE_STANDARD = gnu99;
				GCC_DYNAMIC_NO_PIC = NO;
				GCC_NO_COMMON_BLOCKS = YES;
				GCC_OPTIMIZATION_LEVEL = 0;
				GCC_PREPROCESSOR_DEFINITIONS = (
					"DEBUG=1",
					"$(inherited)",
				);
				GCC_WARN_64_TO_32_BIT_CONVERSION = YES;
				GCC_WARN_ABOUT_RETURN_TYPE = YES_ERROR;
				GCC_WARN_UNDECLARED_SELECTOR = YES;
				GCC_WARN_UNINITIALIZED_AUTOS = YES_AGGRESSIVE;
				GCC_WARN_UNUSED_FUNCTION = YES;
				GCC_WARN_UNUSED_VARIABLE = YES;
				IPHONEOS_DEPLOYMENT_TARGET = 10.2;
				MTL_ENABLE_DEBUG_INFO = YES;
				ONLY_ACTIVE_ARCH = YES;
				SDKROOT = iphoneos;
			};
			name = Debug;
		};
		F49954BD1E80D3A1001F0B2C /* Release */ = {
			isa = XCBuildConfiguration;
			buildSettings = {
				ALWAYS_SEARCH_USER_PATHS = NO;
				CLANG_ANALYZER_NONNULL = YES;
				CLANG_CXX_LANGUAGE_STANDARD = "gnu++0x";
				CLANG_CXX_LIBRARY = "libc++";
				CLANG_ENABLE_MODULES = YES;
				CLANG_ENABLE_OBJC_ARC = YES;
				CLANG_WARN_BOOL_CONVERSION = YES;
				CLANG_WARN_CONSTANT_CONVERSION = YES;
				CLANG_WARN_DIRECT_OBJC_ISA_USAGE = YES_ERROR;
				CLANG_WARN_DOCUMENTATION_COMMENTS = YES;
				CLANG_WARN_EMPTY_BODY = YES;
				CLANG_WARN_ENUM_CONVERSION = YES;
				CLANG_WARN_INFINITE_RECURSION = YES;
				CLANG_WARN_INT_CONVERSION = YES;
				CLANG_WARN_OBJC_ROOT_CLASS = YES_ERROR;
				CLANG_WARN_SUSPICIOUS_MOVE = YES;
				CLANG_WARN_UNREACHABLE_CODE = YES;
				CLANG_WARN__DUPLICATE_METHOD_MATCH = YES;
				"CODE_SIGN_IDENTITY[sdk=iphoneos*]" = "iPhone Developer";
				COPY_PHASE_STRIP = NO;
				DEBUG_INFORMATION_FORMAT = "dwarf-with-dsym";
				ENABLE_NS_ASSERTIONS = NO;
				ENABLE_STRICT_OBJC_MSGSEND = YES;
				GCC_C_LANGUAGE_STANDARD = gnu99;
				GCC_NO_COMMON_BLOCKS = YES;
				GCC_WARN_64_TO_32_BIT_CONVERSION = YES;
				GCC_WARN_ABOUT_RETURN_TYPE = YES_ERROR;
				GCC_WARN_UNDECLARED_SELECTOR = YES;
				GCC_WARN_UNINITIALIZED_AUTOS = YES_AGGRESSIVE;
				GCC_WARN_UNUSED_FUNCTION = YES;
				GCC_WARN_UNUSED_VARIABLE = YES;
				IPHONEOS_DEPLOYMENT_TARGET = 10.2;
				MTL_ENABLE_DEBUG_INFO = NO;
				SDKROOT = iphoneos;
				VALIDATE_PRODUCT = YES;
			};
			name = Release;
		};
		F49954BF1E80D3A1001F0B2C /* Debug */ = {
			isa = XCBuildConfiguration;
			buildSettings = {
				ASSETCATALOG_COMPILER_APPICON_NAME = AppIcon;
				DEVELOPMENT_TEAM = H2VAN67H99;
				INFOPLIST_FILE = MoveBandCoreData/Info.plist;
				IPHONEOS_DEPLOYMENT_TARGET = 8.0;
				LD_RUNPATH_SEARCH_PATHS = "$(inherited) @executable_path/Frameworks";
				PRODUCT_BUNDLE_IDENTIFIER = com.spk.MoveBandCoreData;
				PRODUCT_NAME = "$(TARGET_NAME)";
			};
			name = Debug;
		};
		F49954C01E80D3A1001F0B2C /* Release */ = {
			isa = XCBuildConfiguration;
			buildSettings = {
				ASSETCATALOG_COMPILER_APPICON_NAME = AppIcon;
				DEVELOPMENT_TEAM = H2VAN67H99;
				INFOPLIST_FILE = MoveBandCoreData/Info.plist;
				IPHONEOS_DEPLOYMENT_TARGET = 8.0;
				LD_RUNPATH_SEARCH_PATHS = "$(inherited) @executable_path/Frameworks";
				PRODUCT_BUNDLE_IDENTIFIER = com.spk.MoveBandCoreData;
				PRODUCT_NAME = "$(TARGET_NAME)";
			};
			name = Release;
		};
/* End XCBuildConfiguration section */

/* Begin XCConfigurationList section */
		F49954A21E80D3A1001F0B2C /* Build configuration list for PBXProject "MoveBandCoreData" */ = {
			isa = XCConfigurationList;
			buildConfigurations = (
				F49954BC1E80D3A1001F0B2C /* Debug */,
				F49954BD1E80D3A1001F0B2C /* Release */,
			);
			defaultConfigurationIsVisible = 0;
			defaultConfigurationName = Release;
		};
		F49954BE1E80D3A1001F0B2C /* Build configuration list for PBXNativeTarget "MoveBandCoreData" */ = {
			isa = XCConfigurationList;
			buildConfigurations = (
				F49954BF1E80D3A1001F0B2C /* Debug */,
				F49954C01E80D3A1001F0B2C /* Release */,
			);
			defaultConfigurationIsVisible = 0;
			defaultConfigurationName = Release;
		};
/* End XCConfigurationList section */

/* Begin XCVersionGroup section */
		F49954C81E8116F1001F0B2C /* MoveBand.xcdatamodeld */ = {
			isa = XCVersionGroup;
			children = (
				F49015B71E8C9182001E097C /* MoveBand 10.xcdatamodel */,
				F49015AA1E8BC702001E097C /* MoveBand 9.xcdatamodel */,
				F49015711E8BB2A0001E097C /* MoveBand 8.xcdatamodel */,
				F49015631E8BAABA001E097C /* MoveBand 7.xcdatamodel */,
				F490153D1E8A6101001E097C /* MoveBand 6.xcdatamodel */,
				F41EEADA1E83F2750006ADA0 /* MoveBand 5.xcdatamodel */,
				F41EEAD61E83E68B0006ADA0 /* MoveBand 4.xcdatamodel */,
				F45A7AF61E825FE000E699A3 /* MoveBand 3.xcdatamodel */,
				F45A7AF01E825C0100E699A3 /* MoveBand 2.xcdatamodel */,
				F49954C91E8116F1001F0B2C /* MoveBand.xcdatamodel */,
			);
			currentVersion = F49015B71E8C9182001E097C /* MoveBand 10.xcdatamodel */;
			path = MoveBand.xcdatamodeld;
			sourceTree = "<group>";
			versionGroupType = wrapper.xcdatamodel;
		};
/* End XCVersionGroup section */
	};
	rootObject = F499549F1E80D3A1001F0B2C /* Project object */;
}
